
Microsoft Visual Studio Solution File, Format Version 12.00
# Visual Studio Version 16
VisualStudioVersion = 16.0.810.8
MinimumVisualStudioVersion = 10.0.40219.1
Project("{FAE04EC0-301F-11D3-BF4B-00C04F79EFBC}") = "api-user-secrets", "api-user-secrets.csproj", "{DC69E7DC-E2EF-4929-A324-78B8A80B951B}"
EndProject
Global
	GlobalSection(SolutionConfigurationPlatforms) = preSolution
		Debug|Any CPU = Debug|Any CPU
		Release|Any CPU = Release|Any CPU
	EndGlobalSection
	GlobalSection(ProjectConfigurationPlatforms) = postSolution
		{DC69E7DC-E2EF-4929-A324-78B8A80B951B}.Debug|Any CPU.ActiveCfg = Debug|Any CPU
		{DC69E7DC-E2EF-4929-A324-78B8A80B951B}.Debug|Any CPU.Build.0 = Debug|Any CPU
		{DC69E7DC-E2EF-4929-A324-78B8A80B951B}.Release|Any CPU.ActiveCfg = Release|Any CPU
		{DC69E7DC-E2EF-4929-A324-78B8A80B951B}.Release|Any CPU.Build.0 = Release|Any CPU
	EndGlobalSection
	GlobalSection(SolutionProperties) = preSolution
		HideSolutionNode = FALSE
	EndGlobalSection
	GlobalSection(ExtensibilityGlobals) = postSolution
		SolutionGuid = {68FBDDCF-40B8-4915-A8C6-1F0D1AAA70F6}
	EndGlobalSection
EndGlobal
